# This file was autogenerated by Stack.
# You should not edit this file by hand.
# For more information, please see the documentation at:
#   https://docs.haskellstack.org/en/stable/lock_files

packages:
- completed:
    hackage: elm-syntax-0.3.0.0@sha256:8fd57f8e15e499c11b78983bce3c4b237eb2f22e467a55d51702b43a18c61323,2257
    pantry-tree:
      size: 788
      sha256: 47dc847d2d26cf6fd3abfff8e8e254f56bfcb0c606c350709bf3d4acfd05cff4
  original:
    hackage: elm-syntax-0.3.0.0@sha256:8fd57f8e15e499c11b78983bce3c4b237eb2f22e467a55d51702b43a18c61323,2257
- completed:
    hackage: haskell-to-elm-0.3.0.0@sha256:b8a016087523596c7420fc0b78611b2ffa9b8094c8c5930b89ef7bbec82401a5,3614
    pantry-tree:
      size: 505
      sha256: 50eacf6c6c0386453d8504bcfff3803f9df8867b8802e12013c9146fd29624b3
  original:
    hackage: haskell-to-elm-0.3.0.0@sha256:b8a016087523596c7420fc0b78611b2ffa9b8094c8c5930b89ef7bbec82401a5,3614
- completed:
    hackage: servant-multipart-0.11.6@sha256:1863862e507dd6f672b4c9d2c6d87d4faec19686ced3d828d712ada07536cddb,2655
    pantry-tree:
      size: 386
      sha256: 3d45dc52822a30de2ee524358bf91ad77c041c4385ab75d636effa17e02e351e
  original:
    hackage: servant-multipart-0.11.6@sha256:1863862e507dd6f672b4c9d2c6d87d4faec19686ced3d828d712ada07536cddb,2655
- completed:
    hackage: servant-to-elm-0.4.1.0@sha256:89a28455449a7b4ee57f85ee5422ad87cd0e2a72fb9b7b9bd0a554639f29566b,3042
    pantry-tree:
      size: 433
      sha256: 8c7e8e9d6917c17bb8c94824c6310b682f1126f651ddbcaabd25e852b369f37c
  original:
    hackage: servant-to-elm-0.4.1.0@sha256:89a28455449a7b4ee57f85ee5422ad87cd0e2a72fb9b7b9bd0a554639f29566b,3042
- completed:
    hackage: Color-0.2.0@sha256:94c43c4d8f943ba0642ee58a9b8a665b01a3ac2893c40a16ffdabaacb956c58f,8159
    pantry-tree:
      size: 6965
      sha256: 35dffbacfb79d22ea2a5b6aa9cf49c1c3dcdbf1e42dca4f2db31e85b847f1f99
  original:
    hackage: Color-0.2.0@sha256:94c43c4d8f943ba0642ee58a9b8a665b01a3ac2893c40a16ffdabaacb956c58f,8159
- completed:
    hackage: massiv-io-0.3.0.1@sha256:393df632ea8c3b0549a2b3a2fbaa6a9ef1202a05dd9b3f44555a9f6a31327652,3667
    pantry-tree:
      size: 1965
      sha256: 41becc9b5c2f3c70722a67a984015f30b3aaca40be977e7715f7f9cc4492d075
  original:
    hackage: massiv-io-0.3.0.1@sha256:393df632ea8c3b0549a2b3a2fbaa6a9ef1202a05dd9b3f44555a9f6a31327652,3667
- completed:
    subdir: hip
    name: hip
    version: 2.0.0.0
    git: git@github.com:lehins/hip.git
    pantry-tree:
      size: 6466
      sha256: ba726641ff74ba024ef56574fe40603bb8e9610e343904b3ca93df5ef515f521
    commit: de485419b25c071be8fc8e8072894c9da00206c2
  original:
    subdir: hip
    git: git@github.com:lehins/hip.git
    commit: de485419b25c071be8fc8e8072894c9da00206c2
snapshots:
- completed:
    size: 532380
    url: https://raw.githubusercontent.com/commercialhaskell/stackage-snapshots/master/lts/16/9.yaml
    sha256: 14a7cec114424e4286adde73364438927a553ed248cc50f069a30a67e3ee1e69
  original: lts-16.9
