# This file was autogenerated by Stack.
# You should not edit this file by hand.
# For more information, please see the documentation at:
#   https://docs.haskellstack.org/en/stable/lock_files

packages:
- completed:
    hackage: elm-syntax-0.3.0.0@sha256:8fd57f8e15e499c11b78983bce3c4b237eb2f22e467a55d51702b43a18c61323,2257
    pantry-tree:
      size: 788
      sha256: 47dc847d2d26cf6fd3abfff8e8e254f56bfcb0c606c350709bf3d4acfd05cff4
  original:
    hackage: elm-syntax-0.3.0.0@sha256:8fd57f8e15e499c11b78983bce3c4b237eb2f22e467a55d51702b43a18c61323,2257
- completed:
    hackage: fused-effects-1.1.0.0@sha256:29d03c73b585920c0999a18b73c9a0bf9e61e1fa58c5c2bed3f89423c8078f4a,5139
    pantry-tree:
      size: 6288
      sha256: e427a329bd733f5096e37bfcf5a211bb2e8555b88b7e87ac43607d2f455e3f66
  original:
    hackage: fused-effects-1.1.0.0@sha256:29d03c73b585920c0999a18b73c9a0bf9e61e1fa58c5c2bed3f89423c8078f4a,5139
- completed:
    hackage: haskell-to-elm-0.3.0.0@sha256:b8a016087523596c7420fc0b78611b2ffa9b8094c8c5930b89ef7bbec82401a5,3614
    pantry-tree:
      size: 505
      sha256: 50eacf6c6c0386453d8504bcfff3803f9df8867b8802e12013c9146fd29624b3
  original:
    hackage: haskell-to-elm-0.3.0.0@sha256:b8a016087523596c7420fc0b78611b2ffa9b8094c8c5930b89ef7bbec82401a5,3614
- completed:
    hackage: hip-1.5.6.0@sha256:296c55622f62485422c0a593c7306af1a5abf8ba9f866dcdffc281b01eba65d7,6988
    pantry-tree:
      size: 7456
      sha256: d79395e6ec9caf1132a7e001f6fe9b8ebada31e0e52087a4a1a971e3f295a7f4
  original:
    hackage: hip-1.5.6.0@sha256:296c55622f62485422c0a593c7306af1a5abf8ba9f866dcdffc281b01eba65d7,6988
- completed:
    hackage: repa-3.4.1.4@sha256:70ef4758937baa29be1ac0a78ecbccf341b3f276c9efb632b4829eea80445e2d,3315
    pantry-tree:
      size: 2965
      sha256: 294773b0e6be4a4198133715d4c7f2d0d8e5aec4adea7e59578d1b3823a7879d
  original:
    hackage: repa-3.4.1.4@sha256:70ef4758937baa29be1ac0a78ecbccf341b3f276c9efb632b4829eea80445e2d,3315
- completed:
    hackage: servant-multipart-0.11.6@sha256:1863862e507dd6f672b4c9d2c6d87d4faec19686ced3d828d712ada07536cddb,2655
    pantry-tree:
      size: 386
      sha256: 3d45dc52822a30de2ee524358bf91ad77c041c4385ab75d636effa17e02e351e
  original:
    hackage: servant-multipart-0.11.6@sha256:1863862e507dd6f672b4c9d2c6d87d4faec19686ced3d828d712ada07536cddb,2655
- completed:
    hackage: servant-to-elm-0.4.1.0@sha256:89a28455449a7b4ee57f85ee5422ad87cd0e2a72fb9b7b9bd0a554639f29566b,3042
    pantry-tree:
      size: 433
      sha256: 8c7e8e9d6917c17bb8c94824c6310b682f1126f651ddbcaabd25e852b369f37c
  original:
    hackage: servant-to-elm-0.4.1.0@sha256:89a28455449a7b4ee57f85ee5422ad87cd0e2a72fb9b7b9bd0a554639f29566b,3042
snapshots:
- completed:
    size: 532380
    url: https://raw.githubusercontent.com/commercialhaskell/stackage-snapshots/master/lts/16/9.yaml
    sha256: 14a7cec114424e4286adde73364438927a553ed248cc50f069a30a67e3ee1e69
  original: lts-16.9
