# This file was autogenerated by Stack.
# You should not edit this file by hand.
# For more information, please see the documentation at:
#   https://docs.haskellstack.org/en/stable/lock_files

packages:
- completed:
    hackage: elm-syntax-0.3.0.0@sha256:8fd57f8e15e499c11b78983bce3c4b237eb2f22e467a55d51702b43a18c61323,2257
    pantry-tree:
      size: 788
      sha256: 47dc847d2d26cf6fd3abfff8e8e254f56bfcb0c606c350709bf3d4acfd05cff4
  original:
    hackage: elm-syntax-0.3.0.0@sha256:8fd57f8e15e499c11b78983bce3c4b237eb2f22e467a55d51702b43a18c61323,2257
- completed:
    hackage: Color-0.2.0@sha256:94c43c4d8f943ba0642ee58a9b8a665b01a3ac2893c40a16ffdabaacb956c58f,8159
    pantry-tree:
      size: 6965
      sha256: 35dffbacfb79d22ea2a5b6aa9cf49c1c3dcdbf1e42dca4f2db31e85b847f1f99
  original:
    hackage: Color-0.2.0@sha256:94c43c4d8f943ba0642ee58a9b8a665b01a3ac2893c40a16ffdabaacb956c58f,8159
- completed:
    hackage: massiv-io-0.3.0.1@sha256:393df632ea8c3b0549a2b3a2fbaa6a9ef1202a05dd9b3f44555a9f6a31327652,3667
    pantry-tree:
      size: 1965
      sha256: 41becc9b5c2f3c70722a67a984015f30b3aaca40be977e7715f7f9cc4492d075
  original:
    hackage: massiv-io-0.3.0.1@sha256:393df632ea8c3b0549a2b3a2fbaa6a9ef1202a05dd9b3f44555a9f6a31327652,3667
- completed:
    hackage: servant-multipart-0.11.6@sha256:1863862e507dd6f672b4c9d2c6d87d4faec19686ced3d828d712ada07536cddb,2655
    pantry-tree:
      size: 386
      sha256: 3d45dc52822a30de2ee524358bf91ad77c041c4385ab75d636effa17e02e351e
  original:
    hackage: servant-multipart-0.11.6@sha256:1863862e507dd6f672b4c9d2c6d87d4faec19686ced3d828d712ada07536cddb,2655
- completed:
    hackage: fused-effects-1.1.1.1@sha256:c029c5fb0b2154281221a71ff25709d2a11347fe061fa8c2398e7fe52a16008d,4932
    pantry-tree:
      size: 6345
      sha256: 7d09ba6d70fc49a5fd2feef0e6b06122589b9f5e4539680c9d7933773e7273d7
  original:
    hackage: fused-effects-1.1.1.1@sha256:c029c5fb0b2154281221a71ff25709d2a11347fe061fa8c2398e7fe52a16008d,4932
- completed:
    hackage: hasql-th-0.4.0.8@sha256:e77af01c354fcebb0fc8358a4bb2f7b361329bce28f783d8d6b17fbd5fa43279,2245
    pantry-tree:
      size: 864
      sha256: d3975fb5fdfc16c22ae5296a1d720ffa4cfc3661117d7eba0ad1232e4be527d6
  original:
    hackage: hasql-th-0.4.0.8@sha256:e77af01c354fcebb0fc8358a4bb2f7b361329bce28f783d8d6b17fbd5fa43279,2245
- completed:
    hackage: postgresql-syntax-0.3.0.3@sha256:b93a73c388811e331327561d85ed268f232be6c7f8f90ff27b2091c64c6aea90,4170
    pantry-tree:
      size: 1141
      sha256: 59f0edcb31c8b30432c1fef4107805cc9e20e7cc2e3d5e2f819789c556c6a386
  original:
    hackage: postgresql-syntax-0.3.0.3@sha256:b93a73c388811e331327561d85ed268f232be6c7f8f90ff27b2091c64c6aea90,4170
- completed:
    hackage: fast-builder-0.1.2.1@sha256:6e3148d9ac21e5ec900fa59d1d65322e6b4c0491f19b53bdbe093186a519eb9f,2791
    pantry-tree:
      size: 986
      sha256: 6b1f7822bdc4b8905fd871929f5ecc5a337588f83d858079abce3b6393c6d1e4
  original:
    hackage: fast-builder-0.1.2.1@sha256:6e3148d9ac21e5ec900fa59d1d65322e6b4c0491f19b53bdbe093186a519eb9f,2791
- completed:
    hackage: headed-megaparsec-0.2@sha256:53e0fca4b30bc568f0dfae5b97abe7967939c8a9ee00f30bc99936d75181dd72,1566
    pantry-tree:
      size: 383
      sha256: 4277a2ab79fd6da7cc4fb01c55426322dffe4a53cdf80ef66d033034dc43d109
  original:
    hackage: headed-megaparsec-0.2@sha256:53e0fca4b30bc568f0dfae5b97abe7967939c8a9ee00f30bc99936d75181dd72,1566
- completed:
    hackage: megaparsec-9.0.1@sha256:2244ab77521a52a0083966c5405b3151f149e1db50b1a5b104cd9b1e56617203,3248
    pantry-tree:
      size: 1447
      sha256: 0e2df0d318e48e352b3d766c46cdabc3abb5dcc3dfcb062bdd0a8d44f34a975c
  original:
    hackage: megaparsec-9.0.1@sha256:2244ab77521a52a0083966c5405b3151f149e1db50b1a5b104cd9b1e56617203,3248
- completed:
    name: servant-to-elm
    version: 0.4.2.0
    git: git@github.com:folq/servant-to-elm.git
    pantry-tree:
      size: 811
      sha256: fa7ce07157a00adef14289e7615bc761e703afb7d8ecebdaaa966065806c4762
    commit: 618214dfbb211ae709fa95bd5b3ef60d85838a35
  original:
    git: git@github.com:folq/servant-to-elm.git
    commit: 618214dfbb211ae709fa95bd5b3ef60d85838a35
- completed:
    name: haskell-to-elm
    version: 0.3.1.0
    git: git@github.com:folq/haskell-to-elm.git
    pantry-tree:
      size: 853
      sha256: 64809c056019fbe4ffa203329ca83425ba2336c99075fbeecf013eb928fd215e
    commit: 57faee3020b52b80e3a528e9b84e73d923e23501
  original:
    git: git@github.com:folq/haskell-to-elm.git
    commit: 57faee3020b52b80e3a528e9b84e73d923e23501
- completed:
    subdir: hip
    name: hip
    version: 2.0.0.0
    git: git@github.com:lehins/hip.git
    pantry-tree:
      size: 6466
      sha256: ba726641ff74ba024ef56574fe40603bb8e9610e343904b3ca93df5ef515f521
    commit: de485419b25c071be8fc8e8072894c9da00206c2
  original:
    subdir: hip
    git: git@github.com:lehins/hip.git
    commit: de485419b25c071be8fc8e8072894c9da00206c2
snapshots:
- completed:
    size: 533053
    url: https://raw.githubusercontent.com/commercialhaskell/stackage-snapshots/master/lts/16/29.yaml
    sha256: eb8ccc595466edefb9a679f19aec2e283d12f4c6ea5eefded1ebe8bd157d77d1
  original: lts-16.29
